
Microsoft Visual Studio Solution File, Format Version 12.00
# Visual Studio Version 17
VisualStudioVersion = 17.11.35327.3
MinimumVisualStudioVersion = 10.0.40219.1
Project("{FAE04EC0-301F-11D3-BF4B-00C04F79EFBC}") = "VecEd", "VecEd.csproj", "{C1CD177F-0588-4D33-8ED3-A749BA2C5C19}"
EndProject
Global
	GlobalSection(SolutionConfigurationPlatforms) = preSolution
		Debug|Any CPU = Debug|Any CPU
		Release|Any CPU = Release|Any CPU
	EndGlobalSection
	GlobalSection(ProjectConfigurationPlatforms) = postSolution
		{C1CD177F-0588-4D33-8ED3-A749BA2C5C19}.Debug|Any CPU.ActiveCfg = Debug|Any CPU
		{C1CD177F-0588-4D33-8ED3-A749BA2C5C19}.Debug|Any CPU.Build.0 = Debug|Any CPU
		{C1CD177F-0588-4D33-8ED3-A749BA2C5C19}.Release|Any CPU.ActiveCfg = Release|Any CPU
		{C1CD177F-0588-4D33-8ED3-A749BA2C5C19}.Release|Any CPU.Build.0 = Release|Any CPU
	EndGlobalSection
	GlobalSection(SolutionProperties) = preSolution
		HideSolutionNode = FALSE
	EndGlobalSection
	GlobalSection(ExtensibilityGlobals) = postSolution
		SolutionGuid = {F5FE1B6F-15CA-443A-943A-6C8B24B486EB}
	EndGlobalSection
EndGlobal
